
Microsoft Visual Studio Solution File, Format Version 12.00
# Visual Studio Version 16
VisualStudioVersion = 16.0.30611.23
MinimumVisualStudioVersion = 10.0.40219.1
Project("{9A19103F-16F7-4668-BE54-9A1E7A4F7556}") = "MyData.Console", "MyData.Console\MyData.Console.csproj", "{2FA5C9D0-B8E0-436D-A1AE-822490F6759A}"
EndProject
Project("{FAE04EC0-301F-11D3-BF4B-00C04F79EFBC}") = "MyData.Core", "MyData.Core\MyData.Core.csproj", "{BA77D130-FA85-4E73-83B4-5F49DCB56F81}"
EndProject
Project("{FAE04EC0-301F-11D3-BF4B-00C04F79EFBC}") = "MyData.Data", "MyData.Data\MyData.Data.csproj", "{C5255891-9312-4BE6-BA9F-47B874E0C3AD}"
EndProject
Global
	GlobalSection(SolutionConfigurationPlatforms) = preSolution
		Debug|Any CPU = Debug|Any CPU
		Release|Any CPU = Release|Any CPU
	EndGlobalSection
	GlobalSection(ProjectConfigurationPlatforms) = postSolution
		{2FA5C9D0-B8E0-436D-A1AE-822490F6759A}.Debug|Any CPU.ActiveCfg = Debug|Any CPU
		{2FA5C9D0-B8E0-436D-A1AE-822490F6759A}.Debug|Any CPU.Build.0 = Debug|Any CPU
		{2FA5C9D0-B8E0-436D-A1AE-822490F6759A}.Release|Any CPU.ActiveCfg = Release|Any CPU
		{2FA5C9D0-B8E0-436D-A1AE-822490F6759A}.Release|Any CPU.Build.0 = Release|Any CPU
		{BA77D130-FA85-4E73-83B4-5F49DCB56F81}.Debug|Any CPU.ActiveCfg = Debug|Any CPU
		{BA77D130-FA85-4E73-83B4-5F49DCB56F81}.Debug|Any CPU.Build.0 = Debug|Any CPU
		{BA77D130-FA85-4E73-83B4-5F49DCB56F81}.Release|Any CPU.ActiveCfg = Release|Any CPU
		{BA77D130-FA85-4E73-83B4-5F49DCB56F81}.Release|Any CPU.Build.0 = Release|Any CPU
		{C5255891-9312-4BE6-BA9F-47B874E0C3AD}.Debug|Any CPU.ActiveCfg = Debug|Any CPU
		{C5255891-9312-4BE6-BA9F-47B874E0C3AD}.Debug|Any CPU.Build.0 = Debug|Any CPU
		{C5255891-9312-4BE6-BA9F-47B874E0C3AD}.Release|Any CPU.ActiveCfg = Release|Any CPU
		{C5255891-9312-4BE6-BA9F-47B874E0C3AD}.Release|Any CPU.Build.0 = Release|Any CPU
	EndGlobalSection
	GlobalSection(SolutionProperties) = preSolution
		HideSolutionNode = FALSE
	EndGlobalSection
	GlobalSection(ExtensibilityGlobals) = postSolution
		SolutionGuid = {220F3A32-EAC8-4A1A-A28A-757AB642BD6A}
	EndGlobalSection
EndGlobal
